Microsoft Visual Studio Solution File, Format Version 12.00
# Visual Studio Version 17
VisualStudioVersion = 17.12.35527.113
MinimumVisualStudioVersion = 10.0.40219.1
Project("{FAE04EC0-301F-11D3-BF4B-00C04F79EFBC}") = "DirtyOlives", "DirtyOlives\DirtyOlives.csproj", "{2F377D42-3CFF-437D-B470-3F933EE02BEA}"
	ProjectSection(ProjectDependencies) = postProject
		{D1E91287-F012-4DC7-BDDD-B117A31C519E} = {D1E91287-F012-4DC7-BDDD-B117A31C519E}
	EndProjectSection
EndProject
Project("{FAE04EC0-301F-11D3-BF4B-00C04F79EFBC}") = "DirtyOlives.Client", "DirtyOlives.Client\DirtyOlives.Client.csproj", "{37DFB9C0-83D4-4B6D-A4D6-EA128B96F149}"
	ProjectSection(ProjectDependencies) = postProject
		{D1E91287-F012-4DC7-BDDD-B117A31C519E} = {D1E91287-F012-4DC7-BDDD-B117A31C519E}
	EndProjectSection
EndProject
Project("{FAE04EC0-301F-11D3-BF4B-00C04F79EFBC}") = "DirtyOlives.Core", "DirtyOlives.Core\DirtyOlives.Core.csproj", "{D1E91287-F012-4DC7-BDDD-B117A31C519E}"
EndProject
Global
	GlobalSection(SolutionConfigurationPlatforms) = preSolution
		Debug|Any CPU = Debug|Any CPU
		Release|Any CPU = Release|Any CPU
	EndGlobalSection
	GlobalSection(ProjectConfigurationPlatforms) = postSolution
		{2F377D42-3CFF-437D-B470-3F933EE02BEA}.Debug|Any CPU.ActiveCfg = Debug|Any CPU
		{2F377D42-3CFF-437D-B470-3F933EE02BEA}.Debug|Any CPU.Build.0 = Debug|Any CPU
		{2F377D42-3CFF-437D-B470-3F933EE02BEA}.Release|Any CPU.ActiveCfg = Release|Any CPU
		{2F377D42-3CFF-437D-B470-3F933EE02BEA}.Release|Any CPU.Build.0 = Release|Any CPU
		{37DFB9C0-83D4-4B6D-A4D6-EA128B96F149}.Debug|Any CPU.ActiveCfg = Debug|Any CPU
		{37DFB9C0-83D4-4B6D-A4D6-EA128B96F149}.Debug|Any CPU.Build.0 = Debug|Any CPU
		{37DFB9C0-83D4-4B6D-A4D6-EA128B96F149}.Release|Any CPU.ActiveCfg = Release|Any CPU
		{37DFB9C0-83D4-4B6D-A4D6-EA128B96F149}.Release|Any CPU.Build.0 = Release|Any CPU
		{D1E91287-F012-4DC7-BDDD-B117A31C519E}.Debug|Any CPU.ActiveCfg = Debug|Any CPU
		{D1E91287-F012-4DC7-BDDD-B117A31C519E}.Debug|Any CPU.Build.0 = Debug|Any CPU
		{D1E91287-F012-4DC7-BDDD-B117A31C519E}.Release|Any CPU.ActiveCfg = Release|Any CPU
		{D1E91287-F012-4DC7-BDDD-B117A31C519E}.Release|Any CPU.Build.0 = Release|Any CPU
	EndGlobalSection
	GlobalSection(SolutionProperties) = preSolution
		HideSolutionNode = FALSE
	EndGlobalSection
EndGlobal
